
Microsoft Visual Studio Solution File, Format Version 12.00
# Visual Studio Version 17
VisualStudioVersion = 17.7.34221.43
MinimumVisualStudioVersion = 10.0.40219.1
Project("{FAE04EC0-301F-11D3-BF4B-00C04F79EFBC}") = "ifcCreationTool", "ifcCreationTool\ifcCreationTool.csproj", "{55C6586B-7959-4719-B5B7-C9331C2C53B1}"
EndProject
Global
	GlobalSection(SolutionConfigurationPlatforms) = preSolution
		Debug|Any CPU = Debug|Any CPU
		Release|Any CPU = Release|Any CPU
	EndGlobalSection
	GlobalSection(ProjectConfigurationPlatforms) = postSolution
		{55C6586B-7959-4719-B5B7-C9331C2C53B1}.Debug|Any CPU.ActiveCfg = Debug|Any CPU
		{55C6586B-7959-4719-B5B7-C9331C2C53B1}.Debug|Any CPU.Build.0 = Debug|Any CPU
		{55C6586B-7959-4719-B5B7-C9331C2C53B1}.Release|Any CPU.ActiveCfg = Release|Any CPU
		{55C6586B-7959-4719-B5B7-C9331C2C53B1}.Release|Any CPU.Build.0 = Release|Any CPU
	EndGlobalSection
	GlobalSection(SolutionProperties) = preSolution
		HideSolutionNode = FALSE
	EndGlobalSection
	GlobalSection(ExtensibilityGlobals) = postSolution
		SolutionGuid = {3291CDF9-9969-4A6C-8BDB-C7AC4B8E3BBF}
	EndGlobalSection
EndGlobal
